
Microsoft Visual Studio Solution File, Format Version 12.00
# Visual Studio 14
VisualStudioVersion = 14.0.25420.1
MinimumVisualStudioVersion = 10.0.40219.1
Project("{2150E333-8FDC-42A3-9474-1A3956D46DE8}") = "Data", "Data", "{4D9296C6-D70B-41CF-8A11-10BF1786B5B8}"
EndProject
Project("{2150E333-8FDC-42A3-9474-1A3956D46DE8}") = "Business", "Business", "{0BDAE325-CA16-4F6D-9C55-1D6516A4ED6B}"
EndProject
Project("{2150E333-8FDC-42A3-9474-1A3956D46DE8}") = "Presentation", "Presentation", "{648C29D7-3691-4004-81FF-158AEFC95EF7}"
EndProject
Project("{FAE04EC0-301F-11D3-BF4B-00C04F79EFBC}") = "Gumruk.Repository", "Gumruk.Repository\Gumruk.Repository.csproj", "{4700757A-5A97-4E30-9D30-E4ED1C43285A}"
EndProject
Project("{FAE04EC0-301F-11D3-BF4B-00C04F79EFBC}") = "Gumruk.UnitOfWork", "Gumruk.UnitOfWork\Gumruk.UnitOfWork.csproj", "{479B5300-1747-419D-A213-CE79765144BD}"
EndProject
Project("{FAE04EC0-301F-11D3-BF4B-00C04F79EFBC}") = "Gumruk.Entity", "Gumruk.Entity\Gumruk.Entity.csproj", "{255C0E16-74B8-483F-8D9F-B8B5C53F9D96}"
EndProject
Project("{FAE04EC0-301F-11D3-BF4B-00C04F79EFBC}") = "Gumruk.DayaLayer", "Gumruk.DayaLayer\Gumruk.DayaLayer.csproj", "{3F36B140-7385-498F-B8B1-0738E2F02172}"
EndProject
Project("{FAE04EC0-301F-11D3-BF4B-00C04F79EFBC}") = "Gumruk.Web", "Gumruk.Web\Gumruk.Web.csproj", "{A8AF0822-A93F-4BAF-AD93-9A45C03AF186}"
EndProject
Project("{FAE04EC0-301F-11D3-BF4B-00C04F79EFBC}") = "Gumruk.ConsoleApp", "Gumruk.Console\Gumruk.ConsoleApp.csproj", "{7BE9AA20-DA1B-440F-B54D-01794084C001}"
EndProject
Project("{FAE04EC0-301F-11D3-BF4B-00C04F79EFBC}") = "WebApplication2", "WebApplication2\WebApplication2.csproj", "{E0AD5FB4-F99D-4C25-9614-CBCD8196368A}"
EndProject
Project("{FAE04EC0-301F-11D3-BF4B-00C04F79EFBC}") = "Gumruk.WinApp", "WinApp\Gumruk.WinApp.csproj", "{A72A00E4-487A-4BF3-B7C4-A82DE6143627}"
EndProject
Global
	GlobalSection(SolutionConfigurationPlatforms) = preSolution
		Debug|Any CPU = Debug|Any CPU
		Release|Any CPU = Release|Any CPU
	EndGlobalSection
	GlobalSection(ProjectConfigurationPlatforms) = postSolution
		{4700757A-5A97-4E30-9D30-E4ED1C43285A}.Debug|Any CPU.ActiveCfg = Debug|Any CPU
		{4700757A-5A97-4E30-9D30-E4ED1C43285A}.Debug|Any CPU.Build.0 = Debug|Any CPU
		{4700757A-5A97-4E30-9D30-E4ED1C43285A}.Release|Any CPU.ActiveCfg = Release|Any CPU
		{4700757A-5A97-4E30-9D30-E4ED1C43285A}.Release|Any CPU.Build.0 = Release|Any CPU
		{479B5300-1747-419D-A213-CE79765144BD}.Debug|Any CPU.ActiveCfg = Debug|Any CPU
		{479B5300-1747-419D-A213-CE79765144BD}.Debug|Any CPU.Build.0 = Debug|Any CPU
		{479B5300-1747-419D-A213-CE79765144BD}.Release|Any CPU.ActiveCfg = Release|Any CPU
		{479B5300-1747-419D-A213-CE79765144BD}.Release|Any CPU.Build.0 = Release|Any CPU
		{255C0E16-74B8-483F-8D9F-B8B5C53F9D96}.Debug|Any CPU.ActiveCfg = Debug|Any CPU
		{255C0E16-74B8-483F-8D9F-B8B5C53F9D96}.Debug|Any CPU.Build.0 = Debug|Any CPU
		{255C0E16-74B8-483F-8D9F-B8B5C53F9D96}.Release|Any CPU.ActiveCfg = Release|Any CPU
		{255C0E16-74B8-483F-8D9F-B8B5C53F9D96}.Release|Any CPU.Build.0 = Release|Any CPU
		{3F36B140-7385-498F-B8B1-0738E2F02172}.Debug|Any CPU.ActiveCfg = Debug|Any CPU
		{3F36B140-7385-498F-B8B1-0738E2F02172}.Debug|Any CPU.Build.0 = Debug|Any CPU
		{3F36B140-7385-498F-B8B1-0738E2F02172}.Release|Any CPU.ActiveCfg = Release|Any CPU
		{3F36B140-7385-498F-B8B1-0738E2F02172}.Release|Any CPU.Build.0 = Release|Any CPU
		{A8AF0822-A93F-4BAF-AD93-9A45C03AF186}.Debug|Any CPU.ActiveCfg = Debug|Any CPU
		{A8AF0822-A93F-4BAF-AD93-9A45C03AF186}.Debug|Any CPU.Build.0 = Debug|Any CPU
		{A8AF0822-A93F-4BAF-AD93-9A45C03AF186}.Release|Any CPU.ActiveCfg = Release|Any CPU
		{A8AF0822-A93F-4BAF-AD93-9A45C03AF186}.Release|Any CPU.Build.0 = Release|Any CPU
		{7BE9AA20-DA1B-440F-B54D-01794084C001}.Debug|Any CPU.ActiveCfg = Debug|Any CPU
		{7BE9AA20-DA1B-440F-B54D-01794084C001}.Debug|Any CPU.Build.0 = Debug|Any CPU
		{7BE9AA20-DA1B-440F-B54D-01794084C001}.Release|Any CPU.ActiveCfg = Release|Any CPU
		{7BE9AA20-DA1B-440F-B54D-01794084C001}.Release|Any CPU.Build.0 = Release|Any CPU
		{E0AD5FB4-F99D-4C25-9614-CBCD8196368A}.Debug|Any CPU.ActiveCfg = Debug|Any CPU
		{E0AD5FB4-F99D-4C25-9614-CBCD8196368A}.Debug|Any CPU.Build.0 = Debug|Any CPU
		{E0AD5FB4-F99D-4C25-9614-CBCD8196368A}.Release|Any CPU.ActiveCfg = Release|Any CPU
		{E0AD5FB4-F99D-4C25-9614-CBCD8196368A}.Release|Any CPU.Build.0 = Release|Any CPU
		{A72A00E4-487A-4BF3-B7C4-A82DE6143627}.Debug|Any CPU.ActiveCfg = Debug|Any CPU
		{A72A00E4-487A-4BF3-B7C4-A82DE6143627}.Debug|Any CPU.Build.0 = Debug|Any CPU
		{A72A00E4-487A-4BF3-B7C4-A82DE6143627}.Release|Any CPU.ActiveCfg = Release|Any CPU
		{A72A00E4-487A-4BF3-B7C4-A82DE6143627}.Release|Any CPU.Build.0 = Release|Any CPU
	EndGlobalSection
	GlobalSection(SolutionProperties) = preSolution
		HideSolutionNode = FALSE
	EndGlobalSection
	GlobalSection(NestedProjects) = preSolution
		{4700757A-5A97-4E30-9D30-E4ED1C43285A} = {0BDAE325-CA16-4F6D-9C55-1D6516A4ED6B}
		{479B5300-1747-419D-A213-CE79765144BD} = {0BDAE325-CA16-4F6D-9C55-1D6516A4ED6B}
		{255C0E16-74B8-483F-8D9F-B8B5C53F9D96} = {4D9296C6-D70B-41CF-8A11-10BF1786B5B8}
		{3F36B140-7385-498F-B8B1-0738E2F02172} = {4D9296C6-D70B-41CF-8A11-10BF1786B5B8}
		{A8AF0822-A93F-4BAF-AD93-9A45C03AF186} = {648C29D7-3691-4004-81FF-158AEFC95EF7}
		{7BE9AA20-DA1B-440F-B54D-01794084C001} = {648C29D7-3691-4004-81FF-158AEFC95EF7}
		{E0AD5FB4-F99D-4C25-9614-CBCD8196368A} = {648C29D7-3691-4004-81FF-158AEFC95EF7}
		{A72A00E4-487A-4BF3-B7C4-A82DE6143627} = {648C29D7-3691-4004-81FF-158AEFC95EF7}
	EndGlobalSection
EndGlobal
